github.com/KyleBanks/depth v1.2.1 h1:5h8fQADFrWtarTdtDudMmGsC7GPbOAu6RVB3ffsVFHc=
github.com/KyleBanks/depth v1.2.1/go.mod h1:jzSb9d0L43HxTQfT+oSA1EEp2q+ne2uh6XgeJcm8brE=
github.com/davecgh/go-spew v1.1.1 h1:vj9j/u1bqnvCEfJOwUhtlOARqs3+rkHYY13jYWTU97c=
github.com/davecgh/go-spew v1.1.1/go.mod h1:J7Y8YcW2NihsgmVo/mv3lAwl/skON4iLHjSsI+c5H38=
github.com/ghodss/yaml v1.0.0 h1:wQHKEahhL6wmXdzwWG11gIVCkOv05bNOh+Rxn0yngAk=
github.com/ghodss/yaml v1.0.0/go.mod h1:4dBDuWmgqj2HViK6kFavaiC9ZROes6MMH2rRYeMEF04=
github.com/go-openapi/jsonpointer v0.22.4 h1:dZtK82WlNpVLDW2jlA1YCiVJFVqkED1MegOUy9kR5T4=
github.com/go-openapi/jsonpointer v0.22.4/go.mod h1:elX9+UgznpFhgBuaMQ7iu4lvvX1nvNsesQ3oxmYTw80=
github.com/go-openapi/jsonreference v0.21.4 h1:24qaE2y9bx/q3uRK/qN+TDwbok1NhbSmGjjySRCHtC8=
github.com/go-openapi/jsonreference v0.21.4/go.mod h1:rIENPTjDbLpzQmQWCj5kKj3ZlmEh+EFVbz3RTUh30/4=
github.com/go-openapi/spec v0.22.3 h1:qRSmj6Smz2rEBxMnLRBMeBWxbbOvuOoElvSvObIgwQc=
github.com/go-openapi/spec v0.22.3/go.mod h1:iIImLODL2loCh3Vnox8TY2YWYJZjMAKYyLH2Mu8lOZs=
github.com/go-openapi/swag v0.19.15 h1:D2NRCBzS9/pEY3gP9Nl8aDqGUcPFrwG2p+CNFrLyrCM=
github.com/go-openapi/swag/conv v0.25.4 h1:/Dd7p0LZXczgUcC/Ikm1+YqVzkEeCc9LnOWjfkpkfe4=
github.com/go-openapi/swag/conv v0.25.4/go.mod h1:3LXfie/lwoAv0NHoEuY1hjoFAYkvlqI/Bn5EQDD3PPU=
github.com/go-openapi/swag/jsonname v0.25.4 h1:bZH0+MsS03MbnwBXYhuTttMOqk+5KcQ9869Vye1bNHI=
github.com/go-openapi/swag/jsonname v0.25.4/go.mod h1:GPVEk9CWVhNvWhZgrnvRA6utbAltopbKwDu8mXNUMag=
github.com/go-openapi/swag/jsonutils v0.25.4 h1:VSchfbGhD4UTf4vCdR2F4TLBdLwHyUDTd1/q4i+jGZA=
github.com/go-openapi/swag/jsonutils v0.25.4/go.mod h1:7OYGXpvVFPn4PpaSdPHJBtF0iGnbEaTk8AvBkoWnaAY=
github.com/go-openapi/swag/jsonutils/fixtures_test v0.25.4 h1:IACsSvBhiNJwlDix7wq39SS2Fh7lUOCJRmx/4SN4sVo=
github.com/go-openapi/swag/jsonutils/fixtures_test v0.25.4/go.mod h1:Mt0Ost9l3cUzVv4OEZG+WSeoHwjWLnarzMePNDAOBiM=
github.com/go-openapi/swag/loading v0.25.4 h1:jN4MvLj0X6yhCDduRsxDDw1aHe+ZWoLjW+9ZQWIKn2s=
github.com/go-openapi/swag/loading v0.25.4/go.mod h1:rpUM1ZiyEP9+mNLIQUdMiD7dCETXvkkC30z53i+ftTE=
github.com/go-openapi/swag/stringutils v0.25.4 h1:O6dU1Rd8bej4HPA3/CLPciNBBDwZj9HiEpdVsb8B5A8=
github.com/go-openapi/swag/stringutils v0.25.4/go.mod h1:GTsRvhJW5xM5gkgiFe0fV3PUlFm0dr8vki6/VSRaZK0=
github.com/go-openapi/swag/typeutils v0.25.4 h1:1/fbZOUN472NTc39zpa+YGHn3jzHWhv42wAJSN91wRw=
github.com/go-openapi/swag/typeutils v0.25.4/go.mod h1:Ou7g//Wx8tTLS9vG0UmzfCsjZjKhpjxayRKTHXf2pTE=
github.com/go-openapi/swag/yamlutils v0.25.4 h1:6jdaeSItEUb7ioS9lFoCZ65Cne1/RZtPBZ9A56h92Sw=
github.com/go-openapi/swag/yamlutils v0.25.4/go.mod h1:MNzq1ulQu+yd8Kl7wPOut/YHAAU/H6hL91fF+E2RFwc=
github.com/go-openapi/testify/enable/yaml/v2 v2.0.2 h1:0+Y41Pz1NkbTHz8NngxTuAXxEodtNSI1WG1c/m5Akw4=
github.com/go-openapi/testify/enable/yaml/v2 v2.0.2/go.mod h1:kme83333GCtJQHXQ8UKX3IBZu6z8T5Dvy5+CW3NLUUg=
github.com/go-openapi/testify/v2 v2.0.2 h1:X999g3jeLcoY8qctY/c/Z8iBHTbwLz7R2WXd6Ub6wls=
github.com/go-openapi/testify/v2 v2.0.2/go.mod h1:HCPmvFFnheKK2BuwSA0TbbdxJ3I16pjwMkYkP4Ywn54=
github.com/golang-jwt/jwt v3.2.2+incompatible h1:IfV12K8xAKAnZqdXVzCZ+TOjboZ2keLg81eXfW3O+oY=
github.com/golang-jwt/jwt v3.2.2+incompatible/go.mod h1:8pz2t5EyA70fFQQSrl6XZXzqecmYZeUEB8OUGHkxJ+I=
github.com/google/go-cmp v0.6.0 h1:ofyhxvXcZhMsU5ulbFiLKl/XBFqE1GSq7atu8tAmTRI=
github.com/google/go-cmp v0.6.0/go.mod h1:17dUlkBOakJ0+DkrSSNjCkIjxS6bF9zb3elmeNGIjoY=
github.com/joho/godotenv v1.5.1 h1:7eLL/+HRGLY0ldzfGMeQkb7vMd0as4CfYvUVzLqw0N0=
github.com/joho/godotenv v1.5.1/go.mod h1:f4LDr5Voq0i2e/R5DDNOoa2zzDfwtkZa6DnEwAbqwq4=
github.com/labstack/echo/v4 v4.9.1 h1:GliPYSpzGKlyOhqIbG8nmHBo3i1saKWFOgh41AN3b+Y=
github.com/labstack/echo/v4 v4.9.1/go.mod h1:Pop5HLc+xoc4qhTZ1ip6C0RtP7Z+4VzRLWZZFKqbbjo=
github.com/labstack/gommon v0.4.2 h1:F8qTUNXgG1+6WQmqoUWnz8WiEU60mXVVw0P4ht1WRA0=
github.com/labstack/gommon v0.4.2/go.mod h1:QlUFxVM+SNXhDL/Z7YhocGIBYOiwB0mXm1+1bAPHPyU=
github.com/mattn/go-colorable v0.1.14 h1:9A9LHSqF/7dyVVX6g0U9cwm9pG3kP9gSzcuIPHPsaIE=
github.com/mattn/go-colorable v0.1.14/go.mod h1:6LmQG8QLFO4G5z1gPvYEzlUgJ2wF+stgPZH1UqBm1s8=
github.com/mattn/go-isatty v0.0.20 h1:xfD0iDuEKnDkl03q4limB+vH+GxLEtL/jb4xVJSWWEY=
github.com/mattn/go-isatty v0.0.20/go.mod h1:W+V8PltTTMOvKvAeJH7IuucS94S2C6jfK/D7dTCTo3Y=
github.com/pmezard/go-difflib v1.0.0 h1:4DBwDE0NGyQoBHbLQYPwSUPoCMWR5BEzIk/f1lZbAQM=
github.com/pmezard/go-difflib v1.0.0/go.mod h1:iKH77koFhYxTK1pcRnkKkqfTogsbg7gZNVY4sRDYZ/4=
github.com/stretchr/testify v1.11.1 h1:7s2iGBzp5EwR7/aIZr8ao5+dra3wiQyKjjFuvgVKu7U=
github.com/stretchr/testify v1.11.1/go.mod h1:wZwfW3scLgRK+23gO65QZefKpKQRnfz6sD981Nm4B6U=
github.com/swaggo/echo-swagger v1.4.1 h1:Yf0uPaJWp1uRtDloZALyLnvdBeoEL5Kc7DtnjzO/TUk=
github.com/swaggo/echo-swagger v1.4.1/go.mod h1:C8bSi+9yH2FLZsnhqMZLIZddpUxZdBYuNHbtaS1Hljc=
github.com/swaggo/files/v2 v2.0.2 h1:Bq4tgS/yxLB/3nwOMcul5oLEUKa877Ykgz3CJMVbQKU=
github.com/swaggo/files/v2 v2.0.2/go.mod h1:TVqetIzZsO9OhHX1Am9sRf9LdrFZqoK49N37KON/jr0=
github.com/swaggo/swag v1.16.6 h1:qBNcx53ZaX+M5dxVyTrgQ0PJ/ACK+NzhwcbieTt+9yI=
github.com/swaggo/swag v1.16.6/go.mod h1:ngP2etMK5a0P3QBizic5MEwpRmluJZPHjXcMoj4Xesg=
github.com/valyala/bytebufferpool v1.0.0 h1:GqA5TC/0021Y/b9FG4Oi9Mr3q7XYx6KllzawFIhcdPw=
github.com/valyala/bytebufferpool v1.0.0/go.mod h1:6bBcMArwyJ5K/AmCkWv1jt77kVWyCJ6HpOuEn7z0Csc=
github.com/valyala/fasttemplate v1.2.2 h1:lxLXG0uE3Qnshl9QyaK6XJxMXlQZELvChBOCmQD0Loo=
github.com/valyala/fasttemplate v1.2.2/go.mod h1:KHLXt3tVN2HBp8eijSv/kGJopbvo7S+qRAEEKiv+SiQ=
go.yaml.in/yaml/v3 v3.0.4 h1:tfq32ie2Jv2UxXFdLJdh3jXuOzWiL1fo0bu/FbuKpbc=
go.yaml.in/yaml/v3 v3.0.4/go.mod h1:DhzuOOF2ATzADvBadXxruRBLzYTpT36CKvDb3+aBEFg=
golang.org/x/crypto v0.48.0 h1:/VRzVqiRSggnhY7gNRxPauEQ5Drw9haKdM0jqfcCFts=
golang.org/x/crypto v0.48.0/go.mod h1:r0kV5h3qnFPlQnBSrULhlsRfryS2pmewsg+XfMgkVos=
golang.org/x/mod v0.33.0 h1:tHFzIWbBifEmbwtGz65eaWyGiGZatSrT9prnU8DbVL8=
golang.org/x/mod v0.33.0/go.mod h1:swjeQEj+6r7fODbD2cqrnje9PnziFuw4bmLbBZFrQ5w=
golang.org/x/net v0.50.0 h1:ucWh9eiCGyDR3vtzso0WMQinm2Dnt8cFMuQa9K33J60=
golang.org/x/net v0.50.0/go.mod h1:UgoSli3F/pBgdJBHCTc+tp3gmrU4XswgGRgtnwWTfyM=
golang.org/x/sync v0.19.0 h1:vV+1eWNmZ5geRlYjzm2adRgW2/mcpevXNg50YZtPCE4=
golang.org/x/sync v0.19.0/go.mod h1:9KTHXmSnoGruLpwFjVSX0lNNA75CykiMECbovNTZqGI=
golang.org/x/sys v0.6.0/go.mod h1:oPkhp1MJrh7nUepCBck5+mAzfO9JrbApNNgaTdGDITg=
golang.org/x/sys v0.41.0 h1:Ivj+2Cp/ylzLiEU89QhWblYnOE9zerudt9Ftecq2C6k=
golang.org/x/sys v0.41.0/go.mod h1:OgkHotnGiDImocRcuBABYBEXf8A9a87e/uXjp9XT3ks=
golang.org/x/text v0.34.0 h1:oL/Qq0Kdaqxa1KbNeMKwQq0reLCCaFtqu2eNuSeNHbk=
golang.org/x/text v0.34.0/go.mod h1:homfLqTYRFyVYemLBFl5GgL/DWEiH5wcsQ5gSh1yziA=
golang.org/x/time v0.14.0 h1:MRx4UaLrDotUKUdCIqzPC48t1Y9hANFKIRpNx+Te8PI=
golang.org/x/time v0.14.0/go.mod h1:eL/Oa2bBBK0TkX57Fyni+NgnyQQN4LitPmob2Hjnqw4=
golang.org/x/tools v0.42.0 h1:uNgphsn75Tdz5Ji2q36v/nsFSfR/9BRFvqhGBaJGd5k=
golang.org/x/tools v0.42.0/go.mod h1:Ma6lCIwGZvHK6XtgbswSoWroEkhugApmsXyrUmBhfr0=
gopkg.in/check.v1 v0.0.0-20161208181325-20d25e280405 h1:yhCVgyC4o1eVCa2tZl7eS0r+SDo693bJlVdllGtEeKM=
gopkg.in/check.v1 v0.0.0-20161208181325-20d25e280405/go.mod h1:Co6ibVJAznAaIkqp8huTwlJQCZ016jof/cbN4VW5Yz0=
gopkg.in/yaml.v2 v2.4.0 h1:D8xgwECY7CYvx+Y2n4sBz93Jn9JRvxdiyyo8CTfuKaY=
gopkg.in/yaml.v2 v2.4.0/go.mod h1:RDklbk79AGWmwhnvt/jBztapEOGDOx6ZbXqjP6csGnQ=
gopkg.in/yaml.v3 v3.0.1 h1:fxVm/GzAzEWqLHuvctI91KS9hhNmmWOoWu0XTYJS7CA=
gopkg.in/yaml.v3 v3.0.1/go.mod h1:K4uyk7z7BCEPqu6E+C64Yfv1cQ7kz7rIZviUmN+EgEM=
